
Microsoft Visual Studio Solution File, Format Version 12.00
# Visual Studio Version 17
VisualStudioVersion = 17.2.32616.157
MinimumVisualStudioVersion = 10.0.40219.1
Project("{FAE04EC0-301F-11D3-BF4B-00C04F79EFBC}") = "MultiThreadingDots", "MultiThreadingDots\MultiThreadingDots.csproj", "{CEAD96DC-74D6-482A-9EA2-98960FCBA522}"
EndProject
Global
	GlobalSection(SolutionConfigurationPlatforms) = preSolution
		Debug|Any CPU = Debug|Any CPU
		Release|Any CPU = Release|Any CPU
	EndGlobalSection
	GlobalSection(ProjectConfigurationPlatforms) = postSolution
		{CEAD96DC-74D6-482A-9EA2-98960FCBA522}.Debug|Any CPU.ActiveCfg = Debug|Any CPU
		{CEAD96DC-74D6-482A-9EA2-98960FCBA522}.Debug|Any CPU.Build.0 = Debug|Any CPU
		{CEAD96DC-74D6-482A-9EA2-98960FCBA522}.Release|Any CPU.ActiveCfg = Release|Any CPU
		{CEAD96DC-74D6-482A-9EA2-98960FCBA522}.Release|Any CPU.Build.0 = Release|Any CPU
	EndGlobalSection
	GlobalSection(SolutionProperties) = preSolution
		HideSolutionNode = FALSE
	EndGlobalSection
	GlobalSection(ExtensibilityGlobals) = postSolution
		SolutionGuid = {176839AA-03ED-4419-A2BB-E761F54AA9AC}
	EndGlobalSection
EndGlobal
